
Microsoft Visual Studio Solution File, Format Version 12.00
# Visual Studio Version 17
VisualStudioVersion = 17.10.35122.118
MinimumVisualStudioVersion = 10.0.40219.1
Project("{FAE04EC0-301F-11D3-BF4B-00C04F79EFBC}") = "Game", "Game.csproj", "{BB85F041-8EAF-4A69-A23D-B6C310B624DC}"
EndProject
Global
	GlobalSection(SolutionConfigurationPlatforms) = preSolution
		Debug|Any CPU = Debug|Any CPU
		Release|Any CPU = Release|Any CPU
	EndGlobalSection
	GlobalSection(ProjectConfigurationPlatforms) = postSolution
		{BB85F041-8EAF-4A69-A23D-B6C310B624DC}.Debug|Any CPU.ActiveCfg = Debug|Any CPU
		{BB85F041-8EAF-4A69-A23D-B6C310B624DC}.Debug|Any CPU.Build.0 = Debug|Any CPU
		{BB85F041-8EAF-4A69-A23D-B6C310B624DC}.Release|Any CPU.ActiveCfg = Release|Any CPU
		{BB85F041-8EAF-4A69-A23D-B6C310B624DC}.Release|Any CPU.Build.0 = Release|Any CPU
	EndGlobalSection
	GlobalSection(SolutionProperties) = preSolution
		HideSolutionNode = FALSE
	EndGlobalSection
	GlobalSection(ExtensibilityGlobals) = postSolution
		SolutionGuid = {B41507F2-6484-4323-9ECC-C65B0404E4E6}
	EndGlobalSection
EndGlobal
